{
  "name": "utils",
  "lockfileVersion": 2,
  "requires": true,
  "packages": {
    "": {
      "dependencies": {
        "@apidevtools/json-schema-ref-parser": "^10.1.0",
        "fs": "^0.0.1-security",
        "yaml-js": "^0.3.1"
      }
    },
    "node_modules/@apidevtools/json-schema-ref-parser": {
      "version": "10.1.0",
      "resolved": "https://registry.npmjs.org/@apidevtools/json-schema-ref-parser/-/json-schema-ref-parser-10.1.0.tgz",
      "integrity": "sha512-3e+viyMuXdrcK8v5pvP+SDoAQ77FH6OyRmuK48SZKmdHJRFm87RsSs8qm6kP39a/pOPURByJw+OXzQIqcfmKtA==",
      "dependencies": {
        "@jsdevtools/ono": "^7.1.3",
        "@types/json-schema": "^7.0.11",
        "@types/lodash.clonedeep": "^4.5.7",
        "js-yaml": "^4.1.0",
        "lodash.clonedeep": "^4.5.0"
      },
      "engines": {
        "node": ">= 16"
      },
      "funding": {
        "url": "https://github.com/sponsors/philsturgeon"
      }
    },
    "node_modules/@jsdevtools/ono": {
      "version": "7.1.3",
      "resolved": "https://registry.npmjs.org/@jsdevtools/ono/-/ono-7.1.3.tgz",
      "integrity": "sha512-4JQNk+3mVzK3xh2rqd6RB4J46qUR19azEHBneZyTZM+c456qOrbbM/5xcR8huNCCcbVt7+UmizG6GuUvPvKUYg=="
    },
    "node_modules/@types/json-schema": {
      "version": "7.0.12",
      "resolved": "https://registry.npmjs.org/@types/json-schema/-/json-schema-7.0.12.tgz",
      "integrity": "sha512-Hr5Jfhc9eYOQNPYO5WLDq/n4jqijdHNlDXjuAQkkt+mWdQR+XJToOHrsD4cPaMXpn6KO7y2+wM8AZEs8VpBLVA=="
    },
    "node_modules/@types/lodash": {
      "version": "4.14.195",
      "resolved": "https://registry.npmjs.org/@types/lodash/-/lodash-4.14.195.tgz",
      "integrity": "sha512-Hwx9EUgdwf2GLarOjQp5ZH8ZmblzcbTBC2wtQWNKARBSxM9ezRIAUpeDTgoQRAFB0+8CNWXVA9+MaSOzOF3nPg=="
    },
    "node_modules/@types/lodash.clonedeep": {
      "version": "4.5.7",
      "resolved": "https://registry.npmjs.org/@types/lodash.clonedeep/-/lodash.clonedeep-4.5.7.tgz",
      "integrity": "sha512-ccNqkPptFIXrpVqUECi60/DFxjNKsfoQxSQsgcBJCX/fuX1wgyQieojkcWH/KpE3xzLoWN/2k+ZeGqIN3paSvw==",
      "dependencies": {
        "@types/lodash": "*"
      }
    },
    "node_modules/argparse": {
      "version": "2.0.1",
      "resolved": "https://registry.npmjs.org/argparse/-/argparse-2.0.1.tgz",
      "integrity": "sha512-8+9WqebbFzpX9OR+Wa6O29asIogeRMzcGtAINdpMHHyAg10f05aSFVBbcEqGf/PXw1EjAZ+q2/bEBg3DvurK3Q=="
    },
    "node_modules/fs": {
      "version": "0.0.1-security",
      "resolved": "https://registry.npmjs.org/fs/-/fs-0.0.1-security.tgz",
      "integrity": "sha512-3XY9e1pP0CVEUCdj5BmfIZxRBTSDycnbqhIOGec9QYtmVH2fbLpj86CFWkrNOkt/Fvty4KZG5lTglL9j/gJ87w=="
    },
    "node_modules/js-yaml": {
      "version": "4.1.0",
      "resolved": "https://registry.npmjs.org/js-yaml/-/js-yaml-4.1.0.tgz",
      "integrity": "sha512-wpxZs9NoxZaJESJGIZTyDEaYpl0FKSA+FB9aJiyemKhMwkxQg63h4T1KJgUGHpTqPDNRcmmYLugrRjJlBtWvRA==",
      "dependencies": {
        "argparse": "^2.0.1"
      },
      "bin": {
        "js-yaml": "bin/js-yaml.js"
      }
    },
    "node_modules/lodash.clonedeep": {
      "version": "4.5.0",
      "resolved": "https://registry.npmjs.org/lodash.clonedeep/-/lodash.clonedeep-4.5.0.tgz",
      "integrity": "sha512-H5ZhCF25riFd9uB5UCkVKo61m3S/xZk1x4wA6yp/L3RFP6Z/eHH1ymQcGLo7J3GMPfm0V/7m1tryHuGVxpqEBQ=="
    },
    "node_modules/yaml-js": {
      "version": "0.3.1",
      "resolved": "https://registry.npmjs.org/yaml-js/-/yaml-js-0.3.1.tgz",
      "integrity": "sha512-LjoIFHCtSfkGzPsmYmfDsW+TShtQBcY7lwH1yLQ5brJHXRhjteUnVE2ThCbz1madq8JUZIAjFiavfnIFeTO8CQ==",
      "engines": {
        "node": ">=8"
      }
    }
  },
  "dependencies": {
    "@apidevtools/json-schema-ref-parser": {
      "version": "10.1.0",
      "resolved": "https://registry.npmjs.org/@apidevtools/json-schema-ref-parser/-/json-schema-ref-parser-10.1.0.tgz",
      "integrity": "sha512-3e+viyMuXdrcK8v5pvP+SDoAQ77FH6OyRmuK48SZKmdHJRFm87RsSs8qm6kP39a/pOPURByJw+OXzQIqcfmKtA==",
      "requires": {
        "@jsdevtools/ono": "^7.1.3",
        "@types/json-schema": "^7.0.11",
        "@types/lodash.clonedeep": "^4.5.7",
        "js-yaml": "^4.1.0",
        "lodash.clonedeep": "^4.5.0"
      }
    },
    "@jsdevtools/ono": {
      "version": "7.1.3",
      "resolved": "https://registry.npmjs.org/@jsdevtools/ono/-/ono-7.1.3.tgz",
      "integrity": "sha512-4JQNk+3mVzK3xh2rqd6RB4J46qUR19azEHBneZyTZM+c456qOrbbM/5xcR8huNCCcbVt7+UmizG6GuUvPvKUYg=="
    },
    "@types/json-schema": {
      "version": "7.0.12",
      "resolved": "https://registry.npmjs.org/@types/json-schema/-/json-schema-7.0.12.tgz",
      "integrity": "sha512-Hr5Jfhc9eYOQNPYO5WLDq/n4jqijdHNlDXjuAQkkt+mWdQR+XJToOHrsD4cPaMXpn6KO7y2+wM8AZEs8VpBLVA=="
    },
    "@types/lodash": {
      "version": "4.14.195",
      "resolved": "https://registry.npmjs.org/@types/lodash/-/lodash-4.14.195.tgz",
      "integrity": "sha512-Hwx9EUgdwf2GLarOjQp5ZH8ZmblzcbTBC2wtQWNKARBSxM9ezRIAUpeDTgoQRAFB0+8CNWXVA9+MaSOzOF3nPg=="
    },
    "@types/lodash.clonedeep": {
      "version": "4.5.7",
      "resolved": "https://registry.npmjs.org/@types/lodash.clonedeep/-/lodash.clonedeep-4.5.7.tgz",
      "integrity": "sha512-ccNqkPptFIXrpVqUECi60/DFxjNKsfoQxSQsgcBJCX/fuX1wgyQieojkcWH/KpE3xzLoWN/2k+ZeGqIN3paSvw==",
      "requires": {
        "@types/lodash": "*"
      }
    },
    "argparse": {
      "version": "2.0.1",
      "resolved": "https://registry.npmjs.org/argparse/-/argparse-2.0.1.tgz",
      "integrity": "sha512-8+9WqebbFzpX9OR+Wa6O29asIogeRMzcGtAINdpMHHyAg10f05aSFVBbcEqGf/PXw1EjAZ+q2/bEBg3DvurK3Q=="
    },
    "fs": {
      "version": "0.0.1-security",
      "resolved": "https://registry.npmjs.org/fs/-/fs-0.0.1-security.tgz",
      "integrity": "sha512-3XY9e1pP0CVEUCdj5BmfIZxRBTSDycnbqhIOGec9QYtmVH2fbLpj86CFWkrNOkt/Fvty4KZG5lTglL9j/gJ87w=="
    },
    "js-yaml": {
      "version": "4.1.0",
      "resolved": "https://registry.npmjs.org/js-yaml/-/js-yaml-4.1.0.tgz",
      "integrity": "sha512-wpxZs9NoxZaJESJGIZTyDEaYpl0FKSA+FB9aJiyemKhMwkxQg63h4T1KJgUGHpTqPDNRcmmYLugrRjJlBtWvRA==",
      "requires": {
        "argparse": "^2.0.1"
      }
    },
    "lodash.clonedeep": {
      "version": "4.5.0",
      "resolved": "https://registry.npmjs.org/lodash.clonedeep/-/lodash.clonedeep-4.5.0.tgz",
      "integrity": "sha512-H5ZhCF25riFd9uB5UCkVKo61m3S/xZk1x4wA6yp/L3RFP6Z/eHH1ymQcGLo7J3GMPfm0V/7m1tryHuGVxpqEBQ=="
    },
    "yaml-js": {
      "version": "0.3.1",
      "resolved": "https://registry.npmjs.org/yaml-js/-/yaml-js-0.3.1.tgz",
      "integrity": "sha512-LjoIFHCtSfkGzPsmYmfDsW+TShtQBcY7lwH1yLQ5brJHXRhjteUnVE2ThCbz1madq8JUZIAjFiavfnIFeTO8CQ=="
    }
  }
}
